// !$*UTF8*$!
{
	archiveVersion = 1;
	classes = {
	};
	objectVersion = 46;
	objects = {

/* Begin PBXBuildFile section */
		0DA8976C760084BE0BBE78AE /* libPods-HDJY.a in Frameworks */ = {isa = PBXBuildFile; fileRef = A6E229F066E39B4D73B55EFC /* libPods-HDJY.a */; };
		B405234F1E0A6396008E0C44 /* LaunchScreen.xib in Resources */ = {isa = PBXBuildFile; fileRef = B405234E1E0A6396008E0C44 /* LaunchScreen.xib */; };
		B40523561E0A6477008E0C44 /* BaseNavigationController.m in Sources */ = {isa = PBXBuildFile; fileRef = B40523521E0A6477008E0C44 /* BaseNavigationController.m */; };
		B40523571E0A6477008E0C44 /* BaseTabBarController.m in Sources */ = {isa = PBXBuildFile; fileRef = B40523551E0A6477008E0C44 /* BaseTabBarController.m */; };
		B405236F1E0A6D00008E0C44 /* UIBarButtonItem+CJExtension.m in Sources */ = {isa = PBXBuildFile; fileRef = B405236C1E0A6D00008E0C44 /* UIBarButtonItem+CJExtension.m */; };
		B40523701E0A6D00008E0C44 /* UIImage+CJExtension.m in Sources */ = {isa = PBXBuildFile; fileRef = B405236E1E0A6D00008E0C44 /* UIImage+CJExtension.m */; };
		B40523731E0A6F20008E0C44 /* UIView+CJExtension.m in Sources */ = {isa = PBXBuildFile; fileRef = B40523721E0A6F20008E0C44 /* UIView+CJExtension.m */; };
		B40523761E0A701E008E0C44 /* NSString+CJExtension.m in Sources */ = {isa = PBXBuildFile; fileRef = B40523751E0A701E008E0C44 /* NSString+CJExtension.m */; };
		B40523941E0A7564008E0C44 /* SchoolViewController.m in Sources */ = {isa = PBXBuildFile; fileRef = B40523921E0A7564008E0C44 /* SchoolViewController.m */; };
		B40523951E0A7564008E0C44 /* SchoolViewController.xib in Resources */ = {isa = PBXBuildFile; fileRef = B40523931E0A7564008E0C44 /* SchoolViewController.xib */; };
		B40523991E0A757F008E0C44 /* InformationViewController.m in Sources */ = {isa = PBXBuildFile; fileRef = B40523971E0A757F008E0C44 /* InformationViewController.m */; };
		B405239A1E0A757F008E0C44 /* InformationViewController.xib in Resources */ = {isa = PBXBuildFile; fileRef = B40523981E0A757F008E0C44 /* InformationViewController.xib */; };
		B405239E1E0A7590008E0C44 /* MessageViewController.m in Sources */ = {isa = PBXBuildFile; fileRef = B405239C1E0A7590008E0C44 /* MessageViewController.m */; };
		B405239F1E0A7590008E0C44 /* MessageViewController.xib in Resources */ = {isa = PBXBuildFile; fileRef = B405239D1E0A7590008E0C44 /* MessageViewController.xib */; };
		B40523A31E0A75A5008E0C44 /* MyCenterViewController.m in Sources */ = {isa = PBXBuildFile; fileRef = B40523A11E0A75A5008E0C44 /* MyCenterViewController.m */; };
		B40523A41E0A75A5008E0C44 /* MyCenterViewController.xib in Resources */ = {isa = PBXBuildFile; fileRef = B40523A21E0A75A5008E0C44 /* MyCenterViewController.xib */; };
		B40523A71E0A78A7008E0C44 /* UITabBarItem+YCExtension.m in Sources */ = {isa = PBXBuildFile; fileRef = B40523A61E0A78A7008E0C44 /* UITabBarItem+YCExtension.m */; };
		B40523AB1E0A7A58008E0C44 /* CJDeviceVersion.m in Sources */ = {isa = PBXBuildFile; fileRef = B40523AA1E0A7A58008E0C44 /* CJDeviceVersion.m */; };
		B42E471D1E0B814300E97BF6 /* BaseTipsView.m in Sources */ = {isa = PBXBuildFile; fileRef = B42E47171E0B814300E97BF6 /* BaseTipsView.m */; };
		B42E471E1E0B814300E97BF6 /* BaseTipsView.xib in Resources */ = {isa = PBXBuildFile; fileRef = B42E47181E0B814300E97BF6 /* BaseTipsView.xib */; };
		B42E471F1E0B814300E97BF6 /* BaseViewController+NetWorkUIExtension.m in Sources */ = {isa = PBXBuildFile; fileRef = B42E471A1E0B814300E97BF6 /* BaseViewController+NetWorkUIExtension.m */; };
		B42E47201E0B814300E97BF6 /* BaseViewController.m in Sources */ = {isa = PBXBuildFile; fileRef = B42E471C1E0B814300E97BF6 /* BaseViewController.m */; };
		B42E47771E0BD3CA00E97BF6 /* UIScrollView+CJRefresh.m in Sources */ = {isa = PBXBuildFile; fileRef = B42E47731E0BD3CA00E97BF6 /* UIScrollView+CJRefresh.m */; };
		B42E47781E0BD3CA00E97BF6 /* UIImageView+SDImageActivityIndicator.m in Sources */ = {isa = PBXBuildFile; fileRef = B42E47761E0BD3CA00E97BF6 /* UIImageView+SDImageActivityIndicator.m */; };
		B477CBEE1E0966A100C5E597 /* main.m in Sources */ = {isa = PBXBuildFile; fileRef = B477CBED1E0966A100C5E597 /* main.m */; };
		B477CBF11E0966A100C5E597 /* AppDelegate.m in Sources */ = {isa = PBXBuildFile; fileRef = B477CBF01E0966A100C5E597 /* AppDelegate.m */; };
		B477CBF91E0966A100C5E597 /* Assets.xcassets in Resources */ = {isa = PBXBuildFile; fileRef = B477CBF81E0966A100C5E597 /* Assets.xcassets */; };
		B477CC071E0966A100C5E597 /* HDJYTests.m in Sources */ = {isa = PBXBuildFile; fileRef = B477CC061E0966A100C5E597 /* HDJYTests.m */; };
		B477CC121E0966A100C5E597 /* HDJYUITests.m in Sources */ = {isa = PBXBuildFile; fileRef = B477CC111E0966A100C5E597 /* HDJYUITests.m */; };
/* End PBXBuildFile section */

/* Begin PBXContainerItemProxy section */
		B477CC031E0966A100C5E597 /* PBXContainerItemProxy */ = {
			isa = PBXContainerItemProxy;
			containerPortal = B477CBE11E0966A100C5E597 /* Project object */;
			proxyType = 1;
			remoteGlobalIDString = B477CBE81E0966A100C5E597;
			remoteInfo = HDJY;
		};
		B477CC0E1E0966A100C5E597 /* PBXContainerItemProxy */ = {
			isa = PBXContainerItemProxy;
			containerPortal = B477CBE11E0966A100C5E597 /* Project object */;
			proxyType = 1;
			remoteGlobalIDString = B477CBE81E0966A100C5E597;
			remoteInfo = HDJY;
		};
/* End PBXContainerItemProxy section */

/* Begin PBXFileReference section */
		A6E229F066E39B4D73B55EFC /* libPods-HDJY.a */ = {isa = PBXFileReference; explicitFileType = archive.ar; includeInIndex = 0; path = "libPods-HDJY.a"; sourceTree = BUILT_PRODUCTS_DIR; };
		B405234E1E0A6396008E0C44 /* LaunchScreen.xib */ = {isa = PBXFileReference; fileEncoding = 4; lastKnownFileType = file.xib; path = LaunchScreen.xib; sourceTree = "<group>"; };
		B40523511E0A6477008E0C44 /* BaseNavigationController.h */ = {isa = PBXFileReference; fileEncoding = 4; lastKnownFileType = sourcecode.c.h; path = BaseNavigationController.h; sourceTree = "<group>"; };
		B40523521E0A6477008E0C44 /* BaseNavigationController.m */ = {isa = PBXFileReference; fileEncoding = 4; lastKnownFileType = sourcecode.c.objc; path = BaseNavigationController.m; sourceTree = "<group>"; };
		B40523541E0A6477008E0C44 /* BaseTabBarController.h */ = {isa = PBXFileReference; fileEncoding = 4; lastKnownFileType = sourcecode.c.h; path = BaseTabBarController.h; sourceTree = "<group>"; };
		B40523551E0A6477008E0C44 /* BaseTabBarController.m */ = {isa = PBXFileReference; fileEncoding = 4; lastKnownFileType = sourcecode.c.objc; path = BaseTabBarController.m; sourceTree = "<group>"; };
		B40523591E0A64DC008E0C44 /* Application-Config.h */ = {isa = PBXFileReference; fileEncoding = 4; lastKnownFileType = sourcecode.c.h; path = "Application-Config.h"; sourceTree = "<group>"; };
		B405235A1E0A64DC008E0C44 /* General-Config.h */ = {isa = PBXFileReference; fileEncoding = 4; lastKnownFileType = sourcecode.c.h; path = "General-Config.h"; sourceTree = "<group>"; };
		B405235B1E0A653F008E0C44 /* PrefixHeader.pch */ = {isa = PBXFileReference; lastKnownFileType = sourcecode.c.h; lineEnding = 0; path = PrefixHeader.pch; sourceTree = "<group>"; xcLanguageSpecificationIdentifier = xcode.lang.objc; };
		B405236B1E0A6D00008E0C44 /* UIBarButtonItem+CJExtension.h */ = {isa = PBXFileReference; fileEncoding = 4; lastKnownFileType = sourcecode.c.h; lineEnding = 0; path = "UIBarButtonItem+CJExtension.h"; sourceTree = "<group>"; xcLanguageSpecificationIdentifier = xcode.lang.objcpp; };
		B405236C1E0A6D00008E0C44 /* UIBarButtonItem+CJExtension.m */ = {isa = PBXFileReference; fileEncoding = 4; lastKnownFileType = sourcecode.c.objc; lineEnding = 0; path = "UIBarButtonItem+CJExtension.m"; sourceTree = "<group>"; xcLanguageSpecificationIdentifier = xcode.lang.objc; };
		B405236D1E0A6D00008E0C44 /* UIImage+CJExtension.h */ = {isa = PBXFileReference; fileEncoding = 4; lastKnownFileType = sourcecode.c.h; lineEnding = 0; path = "UIImage+CJExtension.h"; sourceTree = "<group>"; xcLanguageSpecificationIdentifier = xcode.lang.objcpp; };
		B405236E1E0A6D00008E0C44 /* UIImage+CJExtension.m */ = {isa = PBXFileReference; fileEncoding = 4; lastKnownFileType = sourcecode.c.objc; lineEnding = 0; path = "UIImage+CJExtension.m"; sourceTree = "<group>"; xcLanguageSpecificationIdentifier = xcode.lang.objc; };
		B40523711E0A6F20008E0C44 /* UIView+CJExtension.h */ = {isa = PBXFileReference; fileEncoding = 4; lastKnownFileType = sourcecode.c.h; lineEnding = 0; path = "UIView+CJExtension.h"; sourceTree = "<group>"; xcLanguageSpecificationIdentifier = xcode.lang.objcpp; };
		B40523721E0A6F20008E0C44 /* UIView+CJExtension.m */ = {isa = PBXFileReference; fileEncoding = 4; lastKnownFileType = sourcecode.c.objc; lineEnding = 0; path = "UIView+CJExtension.m"; sourceTree = "<group>"; xcLanguageSpecificationIdentifier = xcode.lang.objc; };
		B40523741E0A701E008E0C44 /* NSString+CJExtension.h */ = {isa = PBXFileReference; fileEncoding = 4; lastKnownFileType = sourcecode.c.h; path = "NSString+CJExtension.h"; sourceTree = "<group>"; };
		B40523751E0A701E008E0C44 /* NSString+CJExtension.m */ = {isa = PBXFileReference; fileEncoding = 4; lastKnownFileType = sourcecode.c.objc; path = "NSString+CJExtension.m"; sourceTree = "<group>"; };
		B40523911E0A7564008E0C44 /* SchoolViewController.h */ = {isa = PBXFileReference; fileEncoding = 4; lastKnownFileType = sourcecode.c.h; path = SchoolViewController.h; sourceTree = "<group>"; };
		B40523921E0A7564008E0C44 /* SchoolViewController.m */ = {isa = PBXFileReference; fileEncoding = 4; lastKnownFileType = sourcecode.c.objc; path = SchoolViewController.m; sourceTree = "<group>"; };
		B40523931E0A7564008E0C44 /* SchoolViewController.xib */ = {isa = PBXFileReference; fileEncoding = 4; lastKnownFileType = file.xib; path = SchoolViewController.xib; sourceTree = "<group>"; };
		B40523961E0A757F008E0C44 /* InformationViewController.h */ = {isa = PBXFileReference; fileEncoding = 4; lastKnownFileType = sourcecode.c.h; path = InformationViewController.h; sourceTree = "<group>"; };
		B40523971E0A757F008E0C44 /* InformationViewController.m */ = {isa = PBXFileReference; fileEncoding = 4; lastKnownFileType = sourcecode.c.objc; path = InformationViewController.m; sourceTree = "<group>"; };
		B40523981E0A757F008E0C44 /* InformationViewController.xib */ = {isa = PBXFileReference; fileEncoding = 4; lastKnownFileType = file.xib; path = InformationViewController.xib; sourceTree = "<group>"; };
		B405239B1E0A7590008E0C44 /* MessageViewController.h */ = {isa = PBXFileReference; fileEncoding = 4; lastKnownFileType = sourcecode.c.h; path = MessageViewController.h; sourceTree = "<group>"; };
		B405239C1E0A7590008E0C44 /* MessageViewController.m */ = {isa = PBXFileReference; fileEncoding = 4; lastKnownFileType = sourcecode.c.objc; path = MessageViewController.m; sourceTree = "<group>"; };
		B405239D1E0A7590008E0C44 /* MessageViewController.xib */ = {isa = PBXFileReference; fileEncoding = 4; lastKnownFileType = file.xib; path = MessageViewController.xib; sourceTree = "<group>"; };
		B40523A01E0A75A5008E0C44 /* MyCenterViewController.h */ = {isa = PBXFileReference; fileEncoding = 4; lastKnownFileType = sourcecode.c.h; path = MyCenterViewController.h; sourceTree = "<group>"; };
		B40523A11E0A75A5008E0C44 /* MyCenterViewController.m */ = {isa = PBXFileReference; fileEncoding = 4; lastKnownFileType = sourcecode.c.objc; path = MyCenterViewController.m; sourceTree = "<group>"; };
		B40523A21E0A75A5008E0C44 /* MyCenterViewController.xib */ = {isa = PBXFileReference; fileEncoding = 4; lastKnownFileType = file.xib; path = MyCenterViewController.xib; sourceTree = "<group>"; };
		B40523A51E0A78A7008E0C44 /* UITabBarItem+YCExtension.h */ = {isa = PBXFileReference; fileEncoding = 4; lastKnownFileType = sourcecode.c.h; path = "UITabBarItem+YCExtension.h"; sourceTree = "<group>"; };
		B40523A61E0A78A7008E0C44 /* UITabBarItem+YCExtension.m */ = {isa = PBXFileReference; fileEncoding = 4; lastKnownFileType = sourcecode.c.objc; path = "UITabBarItem+YCExtension.m"; sourceTree = "<group>"; };
		B40523A91E0A7A58008E0C44 /* CJDeviceVersion.h */ = {isa = PBXFileReference; fileEncoding = 4; lastKnownFileType = sourcecode.c.h; path = CJDeviceVersion.h; sourceTree = "<group>"; };
		B40523AA1E0A7A58008E0C44 /* CJDeviceVersion.m */ = {isa = PBXFileReference; fileEncoding = 4; lastKnownFileType = sourcecode.c.objc; path = CJDeviceVersion.m; sourceTree = "<group>"; };
		B42E47161E0B814300E97BF6 /* BaseTipsView.h */ = {isa = PBXFileReference; fileEncoding = 4; lastKnownFileType = sourcecode.c.h; path = BaseTipsView.h; sourceTree = "<group>"; };
		B42E47171E0B814300E97BF6 /* BaseTipsView.m */ = {isa = PBXFileReference; fileEncoding = 4; lastKnownFileType = sourcecode.c.objc; path = BaseTipsView.m; sourceTree = "<group>"; };
		B42E47181E0B814300E97BF6 /* BaseTipsView.xib */ = {isa = PBXFileReference; fileEncoding = 4; lastKnownFileType = file.xib; path = BaseTipsView.xib; sourceTree = "<group>"; };
		B42E47191E0B814300E97BF6 /* BaseViewController+NetWorkUIExtension.h */ = {isa = PBXFileReference; fileEncoding = 4; lastKnownFileType = sourcecode.c.h; path = "BaseViewController+NetWorkUIExtension.h"; sourceTree = "<group>"; };
		B42E471A1E0B814300E97BF6 /* BaseViewController+NetWorkUIExtension.m */ = {isa = PBXFileReference; fileEncoding = 4; lastKnownFileType = sourcecode.c.objc; path = "BaseViewController+NetWorkUIExtension.m"; sourceTree = "<group>"; };
		B42E471B1E0B814300E97BF6 /* BaseViewController.h */ = {isa = PBXFileReference; fileEncoding = 4; lastKnownFileType = sourcecode.c.h; path = BaseViewController.h; sourceTree = "<group>"; };
		B42E471C1E0B814300E97BF6 /* BaseViewController.m */ = {isa = PBXFileReference; fileEncoding = 4; lastKnownFileType = sourcecode.c.objc; path = BaseViewController.m; sourceTree = "<group>"; };
		B42E47721E0BD3CA00E97BF6 /* UIScrollView+CJRefresh.h */ = {isa = PBXFileReference; fileEncoding = 4; lastKnownFileType = sourcecode.c.h; lineEnding = 0; path = "UIScrollView+CJRefresh.h"; sourceTree = "<group>"; xcLanguageSpecificationIdentifier = xcode.lang.objcpp; };
		B42E47731E0BD3CA00E97BF6 /* UIScrollView+CJRefresh.m */ = {isa = PBXFileReference; fileEncoding = 4; lastKnownFileType = sourcecode.c.objc; lineEnding = 0; path = "UIScrollView+CJRefresh.m"; sourceTree = "<group>"; xcLanguageSpecificationIdentifier = xcode.lang.objc; };
		B42E47751E0BD3CA00E97BF6 /* UIImageView+SDImageActivityIndicator.h */ = {isa = PBXFileReference; fileEncoding = 4; lastKnownFileType = sourcecode.c.h; path = "UIImageView+SDImageActivityIndicator.h"; sourceTree = "<group>"; };
		B42E47761E0BD3CA00E97BF6 /* UIImageView+SDImageActivityIndicator.m */ = {isa = PBXFileReference; fileEncoding = 4; lastKnownFileType = sourcecode.c.objc; path = "UIImageView+SDImageActivityIndicator.m"; sourceTree = "<group>"; };
		B477CBE91E0966A100C5E597 /* HDJY.app */ = {isa = PBXFileReference; explicitFileType = wrapper.application; includeInIndex = 0; path = HDJY.app; sourceTree = BUILT_PRODUCTS_DIR; };
		B477CBED1E0966A100C5E597 /* main.m */ = {isa = PBXFileReference; lastKnownFileType = sourcecode.c.objc; path = main.m; sourceTree = "<group>"; };
		B477CBEF1E0966A100C5E597 /* AppDelegate.h */ = {isa = PBXFileReference; lastKnownFileType = sourcecode.c.h; path = AppDelegate.h; sourceTree = "<group>"; };
		B477CBF01E0966A100C5E597 /* AppDelegate.m */ = {isa = PBXFileReference; lastKnownFileType = sourcecode.c.objc; path = AppDelegate.m; sourceTree = "<group>"; };
		B477CBF81E0966A100C5E597 /* Assets.xcassets */ = {isa = PBXFileReference; lastKnownFileType = folder.assetcatalog; path = Assets.xcassets; sourceTree = "<group>"; };
		B477CBFD1E0966A100C5E597 /* Info.plist */ = {isa = PBXFileReference; lastKnownFileType = text.plist.xml; path = Info.plist; sourceTree = "<group>"; };
		B477CC021E0966A100C5E597 /* HDJYTests.xctest */ = {isa = PBXFileReference; explicitFileType = wrapper.cfbundle; includeInIndex = 0; path = HDJYTests.xctest; sourceTree = BUILT_PRODUCTS_DIR; };
		B477CC061E0966A100C5E597 /* HDJYTests.m */ = {isa = PBXFileReference; lastKnownFileType = sourcecode.c.objc; path = HDJYTests.m; sourceTree = "<group>"; };
		B477CC081E0966A100C5E597 /* Info.plist */ = {isa = PBXFileReference; lastKnownFileType = text.plist.xml; path = Info.plist; sourceTree = "<group>"; };
		B477CC0D1E0966A100C5E597 /* HDJYUITests.xctest */ = {isa = PBXFileReference; explicitFileType = wrapper.cfbundle; includeInIndex = 0; path = HDJYUITests.xctest; sourceTree = BUILT_PRODUCTS_DIR; };
		B477CC111E0966A100C5E597 /* HDJYUITests.m */ = {isa = PBXFileReference; lastKnownFileType = sourcecode.c.objc; path = HDJYUITests.m; sourceTree = "<group>"; };
		B477CC131E0966A100C5E597 /* Info.plist */ = {isa = PBXFileReference; lastKnownFileType = text.plist.xml; path = Info.plist; sourceTree = "<group>"; };
		B482BBECCA85EDC2A59B82ED /* Pods-HDJY.debug.xcconfig */ = {isa = PBXFileReference; includeInIndex = 1; lastKnownFileType = text.xcconfig; name = "Pods-HDJY.debug.xcconfig"; path = "Pods/Target Support Files/Pods-HDJY/Pods-HDJY.debug.xcconfig"; sourceTree = "<group>"; };
		DD147A6E5A086AD3DA2F0C67 /* Pods-HDJY.release.xcconfig */ = {isa = PBXFileReference; includeInIndex = 1; lastKnownFileType = text.xcconfig; name = "Pods-HDJY.release.xcconfig"; path = "Pods/Target Support Files/Pods-HDJY/Pods-HDJY.release.xcconfig"; sourceTree = "<group>"; };
/* End PBXFileReference section */

/* Begin PBXFrameworksBuildPhase section */
		B477CBE61E0966A100C5E597 /* Frameworks */ = {
			isa = PBXFrameworksBuildPhase;
			buildActionMask = 2147483647;
			files = (
				0DA8976C760084BE0BBE78AE /* libPods-HDJY.a in Frameworks */,
			);
			runOnlyForDeploymentPostprocessing = 0;
		};
		B477CBFF1E0966A100C5E597 /* Frameworks */ = {
			isa = PBXFrameworksBuildPhase;
			buildActionMask = 2147483647;
			files = (
			);
			runOnlyForDeploymentPostprocessing = 0;
		};
		B477CC0A1E0966A100C5E597 /* Frameworks */ = {
			isa = PBXFrameworksBuildPhase;
			buildActionMask = 2147483647;
			files = (
			);
			runOnlyForDeploymentPostprocessing = 0;
		};
/* End PBXFrameworksBuildPhase section */

/* Begin PBXGroup section */
		8A5E4A3CBBF45863A85EEBA0 /* Pods */ = {
			isa = PBXGroup;
			children = (
				B482BBECCA85EDC2A59B82ED /* Pods-HDJY.debug.xcconfig */,
				DD147A6E5A086AD3DA2F0C67 /* Pods-HDJY.release.xcconfig */,
			);
			name = Pods;
			sourceTree = "<group>";
		};
		B405234A1E0A629C008E0C44 /* BaseClass */ = {
			isa = PBXGroup;
			children = (
				B42E47151E0B814300E97BF6 /* BaseViewController */,
				B40523501E0A6477008E0C44 /* BaseNavigationController */,
				B40523531E0A6477008E0C44 /* BaseTabBarController */,
			);
			path = BaseClass;
			sourceTree = "<group>";
		};
		B405234B1E0A629C008E0C44 /* Helper */ = {
			isa = PBXGroup;
			children = (
			);
			path = Helper;
			sourceTree = "<group>";
		};
		B405234C1E0A629C008E0C44 /* ThirdLib */ = {
			isa = PBXGroup;
			children = (
				B42E47711E0BD3CA00E97BF6 /* CJMJRefresh */,
				B42E47741E0BD3CA00E97BF6 /* SDWebImage */,
			);
			path = ThirdLib;
			sourceTree = "<group>";
		};
		B405234D1E0A629C008E0C44 /* Utility */ = {
			isa = PBXGroup;
			children = (
				B40523A81E0A7A58008E0C44 /* Device */,
				B405236A1E0A6CF5008E0C44 /* Category */,
			);
			path = Utility;
			sourceTree = "<group>";
		};
		B40523501E0A6477008E0C44 /* BaseNavigationController */ = {
			isa = PBXGroup;
			children = (
				B40523511E0A6477008E0C44 /* BaseNavigationController.h */,
				B40523521E0A6477008E0C44 /* BaseNavigationController.m */,
			);
			path = BaseNavigationController;
			sourceTree = "<group>";
		};
		B40523531E0A6477008E0C44 /* BaseTabBarController */ = {
			isa = PBXGroup;
			children = (
				B40523541E0A6477008E0C44 /* BaseTabBarController.h */,
				B40523551E0A6477008E0C44 /* BaseTabBarController.m */,
			);
			path = BaseTabBarController;
			sourceTree = "<group>";
		};
		B40523581E0A64DC008E0C44 /* Configs */ = {
			isa = PBXGroup;
			children = (
				B40523591E0A64DC008E0C44 /* Application-Config.h */,
				B405235A1E0A64DC008E0C44 /* General-Config.h */,
			);
			path = Configs;
			sourceTree = "<group>";
		};
		B405236A1E0A6CF5008E0C44 /* Category */ = {
			isa = PBXGroup;
			children = (
				B40523A51E0A78A7008E0C44 /* UITabBarItem+YCExtension.h */,
				B40523A61E0A78A7008E0C44 /* UITabBarItem+YCExtension.m */,
				B405236B1E0A6D00008E0C44 /* UIBarButtonItem+CJExtension.h */,
				B405236C1E0A6D00008E0C44 /* UIBarButtonItem+CJExtension.m */,
				B405236D1E0A6D00008E0C44 /* UIImage+CJExtension.h */,
				B405236E1E0A6D00008E0C44 /* UIImage+CJExtension.m */,
				B40523711E0A6F20008E0C44 /* UIView+CJExtension.h */,
				B40523721E0A6F20008E0C44 /* UIView+CJExtension.m */,
				B40523741E0A701E008E0C44 /* NSString+CJExtension.h */,
				B40523751E0A701E008E0C44 /* NSString+CJExtension.m */,
			);
			path = Category;
			sourceTree = "<group>";
		};
		B40523771E0A73B7008E0C44 /* Classess */ = {
			isa = PBXGroup;
			children = (
				B405238C1E0A7522008E0C44 /* School */,
				B405237D1E0A7522008E0C44 /* Information */,
				B40523821E0A7522008E0C44 /* Message */,
				B40523871E0A7522008E0C44 /* MyCenter */,
			);
			path = Classess;
			sourceTree = "<group>";
		};
		B405237D1E0A7522008E0C44 /* Information */ = {
			isa = PBXGroup;
			children = (
				B405237E1E0A7522008E0C44 /* Controller */,
				B405237F1E0A7522008E0C44 /* Model */,
				B40523801E0A7522008E0C44 /* Server */,
				B40523811E0A7522008E0C44 /* View */,
			);
			path = Information;
			sourceTree = "<group>";
		};
		B405237E1E0A7522008E0C44 /* Controller */ = {
			isa = PBXGroup;
			children = (
				B40523961E0A757F008E0C44 /* InformationViewController.h */,
				B40523971E0A757F008E0C44 /* InformationViewController.m */,
				B40523981E0A757F008E0C44 /* InformationViewController.xib */,
			);
			path = Controller;
			sourceTree = "<group>";
		};
		B405237F1E0A7522008E0C44 /* Model */ = {
			isa = PBXGroup;
			children = (
			);
			path = Model;
			sourceTree = "<group>";
		};
		B40523801E0A7522008E0C44 /* Server */ = {
			isa = PBXGroup;
			children = (
			);
			path = Server;
			sourceTree = "<group>";
		};
		B40523811E0A7522008E0C44 /* View */ = {
			isa = PBXGroup;
			children = (
			);
			path = View;
			sourceTree = "<group>";
		};
		B40523821E0A7522008E0C44 /* Message */ = {
			isa = PBXGroup;
			children = (
				B40523831E0A7522008E0C44 /* Controller */,
				B40523841E0A7522008E0C44 /* Model */,
				B40523851E0A7522008E0C44 /* Server */,
				B40523861E0A7522008E0C44 /* View */,
			);
			path = Message;
			sourceTree = "<group>";
		};
		B40523831E0A7522008E0C44 /* Controller */ = {
			isa = PBXGroup;
			children = (
				B405239B1E0A7590008E0C44 /* MessageViewController.h */,
				B405239C1E0A7590008E0C44 /* MessageViewController.m */,
				B405239D1E0A7590008E0C44 /* MessageViewController.xib */,
			);
			path = Controller;
			sourceTree = "<group>";
		};
		B40523841E0A7522008E0C44 /* Model */ = {
			isa = PBXGroup;
			children = (
			);
			path = Model;
			sourceTree = "<group>";
		};
		B40523851E0A7522008E0C44 /* Server */ = {
			isa = PBXGroup;
			children = (
			);
			path = Server;
			sourceTree = "<group>";
		};
		B40523861E0A7522008E0C44 /* View */ = {
			isa = PBXGroup;
			children = (
			);
			path = View;
			sourceTree = "<group>";
		};
		B40523871E0A7522008E0C44 /* MyCenter */ = {
			isa = PBXGroup;
			children = (
				B40523881E0A7522008E0C44 /* Controller */,
				B40523891E0A7522008E0C44 /* Model */,
				B405238A1E0A7522008E0C44 /* Server */,
				B405238B1E0A7522008E0C44 /* View */,
			);
			path = MyCenter;
			sourceTree = "<group>";
		};
		B40523881E0A7522008E0C44 /* Controller */ = {
			isa = PBXGroup;
			children = (
				B40523A01E0A75A5008E0C44 /* MyCenterViewController.h */,
				B40523A11E0A75A5008E0C44 /* MyCenterViewController.m */,
				B40523A21E0A75A5008E0C44 /* MyCenterViewController.xib */,
			);
			path = Controller;
			sourceTree = "<group>";
		};
		B40523891E0A7522008E0C44 /* Model */ = {
			isa = PBXGroup;
			children = (
			);
			path = Model;
			sourceTree = "<group>";
		};
		B405238A1E0A7522008E0C44 /* Server */ = {
			isa = PBXGroup;
			children = (
			);
			path = Server;
			sourceTree = "<group>";
		};
		B405238B1E0A7522008E0C44 /* View */ = {
			isa = PBXGroup;
			children = (
			);
			path = View;
			sourceTree = "<group>";
		};
		B405238C1E0A7522008E0C44 /* School */ = {
			isa = PBXGroup;
			children = (
				B405238D1E0A7522008E0C44 /* Controller */,
				B405238E1E0A7522008E0C44 /* Model */,
				B405238F1E0A7522008E0C44 /* Server */,
				B40523901E0A7522008E0C44 /* View */,
			);
			path = School;
			sourceTree = "<group>";
		};
		B405238D1E0A7522008E0C44 /* Controller */ = {
			isa = PBXGroup;
			children = (
				B40523911E0A7564008E0C44 /* SchoolViewController.h */,
				B40523921E0A7564008E0C44 /* SchoolViewController.m */,
				B40523931E0A7564008E0C44 /* SchoolViewController.xib */,
			);
			path = Controller;
			sourceTree = "<group>";
		};
		B405238E1E0A7522008E0C44 /* Model */ = {
			isa = PBXGroup;
			children = (
			);
			path = Model;
			sourceTree = "<group>";
		};
		B405238F1E0A7522008E0C44 /* Server */ = {
			isa = PBXGroup;
			children = (
			);
			path = Server;
			sourceTree = "<group>";
		};
		B40523901E0A7522008E0C44 /* View */ = {
			isa = PBXGroup;
			children = (
			);
			path = View;
			sourceTree = "<group>";
		};
		B40523A81E0A7A58008E0C44 /* Device */ = {
			isa = PBXGroup;
			children = (
				B40523A91E0A7A58008E0C44 /* CJDeviceVersion.h */,
				B40523AA1E0A7A58008E0C44 /* CJDeviceVersion.m */,
			);
			path = Device;
			sourceTree = "<group>";
		};
		B42E47151E0B814300E97BF6 /* BaseViewController */ = {
			isa = PBXGroup;
			children = (
				B42E47161E0B814300E97BF6 /* BaseTipsView.h */,
				B42E47171E0B814300E97BF6 /* BaseTipsView.m */,
				B42E47181E0B814300E97BF6 /* BaseTipsView.xib */,
				B42E47191E0B814300E97BF6 /* BaseViewController+NetWorkUIExtension.h */,
				B42E471A1E0B814300E97BF6 /* BaseViewController+NetWorkUIExtension.m */,
				B42E471B1E0B814300E97BF6 /* BaseViewController.h */,
				B42E471C1E0B814300E97BF6 /* BaseViewController.m */,
			);
			path = BaseViewController;
			sourceTree = "<group>";
		};
		B42E47711E0BD3CA00E97BF6 /* CJMJRefresh */ = {
			isa = PBXGroup;
			children = (
				B42E47721E0BD3CA00E97BF6 /* UIScrollView+CJRefresh.h */,
				B42E47731E0BD3CA00E97BF6 /* UIScrollView+CJRefresh.m */,
			);
			path = CJMJRefresh;
			sourceTree = "<group>";
		};
		B42E47741E0BD3CA00E97BF6 /* SDWebImage */ = {
			isa = PBXGroup;
			children = (
				B42E47751E0BD3CA00E97BF6 /* UIImageView+SDImageActivityIndicator.h */,
				B42E47761E0BD3CA00E97BF6 /* UIImageView+SDImageActivityIndicator.m */,
			);
			path = SDWebImage;
			sourceTree = "<group>";
		};
		B477CBE01E0966A100C5E597 = {
			isa = PBXGroup;
			children = (
				B477CBEB1E0966A100C5E597 /* HDJY */,
				B477CC051E0966A100C5E597 /* HDJYTests */,
				B477CC101E0966A100C5E597 /* HDJYUITests */,
				B477CBEA1E0966A100C5E597 /* Products */,
				8A5E4A3CBBF45863A85EEBA0 /* Pods */,
				D72B674647F7913E11CF4E71 /* Frameworks */,
			);
			sourceTree = "<group>";
		};
		B477CBEA1E0966A100C5E597 /* Products */ = {
			isa = PBXGroup;
			children = (
				B477CBE91E0966A100C5E597 /* HDJY.app */,
				B477CC021E0966A100C5E597 /* HDJYTests.xctest */,
				B477CC0D1E0966A100C5E597 /* HDJYUITests.xctest */,
			);
			name = Products;
			sourceTree = "<group>";
		};
		B477CBEB1E0966A100C5E597 /* HDJY */ = {
			isa = PBXGroup;
			children = (
				B40523771E0A73B7008E0C44 /* Classess */,
				B405234A1E0A629C008E0C44 /* BaseClass */,
				B405234B1E0A629C008E0C44 /* Helper */,
				B405234C1E0A629C008E0C44 /* ThirdLib */,
				B405234D1E0A629C008E0C44 /* Utility */,
				B40523581E0A64DC008E0C44 /* Configs */,
				B477CBF81E0966A100C5E597 /* Assets.xcassets */,
				B477CBEC1E0966A100C5E597 /* Supporting Files */,
			);
			path = HDJY;
			sourceTree = "<group>";
		};
		B477CBEC1E0966A100C5E597 /* Supporting Files */ = {
			isa = PBXGroup;
			children = (
				B405235B1E0A653F008E0C44 /* PrefixHeader.pch */,
				B405234E1E0A6396008E0C44 /* LaunchScreen.xib */,
				B477CBFD1E0966A100C5E597 /* Info.plist */,
				B477CBEF1E0966A100C5E597 /* AppDelegate.h */,
				B477CBF01E0966A100C5E597 /* AppDelegate.m */,
				B477CBED1E0966A100C5E597 /* main.m */,
			);
			name = "Supporting Files";
			sourceTree = "<group>";
		};
		B477CC051E0966A100C5E597 /* HDJYTests */ = {
			isa = PBXGroup;
			children = (
				B477CC061E0966A100C5E597 /* HDJYTests.m */,
				B477CC081E0966A100C5E597 /* Info.plist */,
			);
			path = HDJYTests;
			sourceTree = "<group>";
		};
		B477CC101E0966A100C5E597 /* HDJYUITests */ = {
			isa = PBXGroup;
			children = (
				B477CC111E0966A100C5E597 /* HDJYUITests.m */,
				B477CC131E0966A100C5E597 /* Info.plist */,
			);
			path = HDJYUITests;
			sourceTree = "<group>";
		};
		D72B674647F7913E11CF4E71 /* Frameworks */ = {
			isa = PBXGroup;
			children = (
				A6E229F066E39B4D73B55EFC /* libPods-HDJY.a */,
			);
			name = Frameworks;
			sourceTree = "<group>";
		};
/* End PBXGroup section */

/* Begin PBXNativeTarget section */
		B477CBE81E0966A100C5E597 /* HDJY */ = {
			isa = PBXNativeTarget;
			buildConfigurationList = B477CC161E0966A100C5E597 /* Build configuration list for PBXNativeTarget "HDJY" */;
			buildPhases = (
				85D6BBEBDC5188B16C934308 /* [CP] Check Pods Manifest.lock */,
				B477CBE51E0966A100C5E597 /* Sources */,
				B477CBE61E0966A100C5E597 /* Frameworks */,
				B477CBE71E0966A100C5E597 /* Resources */,
				809684E9088ED5CD41406FAA /* [CP] Embed Pods Frameworks */,
				9BFC86FF8806AAAA96A71B92 /* [CP] Copy Pods Resources */,
			);
			buildRules = (
			);
			dependencies = (
			);
			name = HDJY;
			productName = HDJY;
			productReference = B477CBE91E0966A100C5E597 /* HDJY.app */;
			productType = "com.apple.product-type.application";
		};
		B477CC011E0966A100C5E597 /* HDJYTests */ = {
			isa = PBXNativeTarget;
			buildConfigurationList = B477CC191E0966A100C5E597 /* Build configuration list for PBXNativeTarget "HDJYTests" */;
			buildPhases = (
				B477CBFE1E0966A100C5E597 /* Sources */,
				B477CBFF1E0966A100C5E597 /* Frameworks */,
				B477CC001E0966A100C5E597 /* Resources */,
			);
			buildRules = (
			);
			dependencies = (
				B477CC041E0966A100C5E597 /* PBXTargetDependency */,
			);
			name = HDJYTests;
			productName = HDJYTests;
			productReference = B477CC021E0966A100C5E597 /* HDJYTests.xctest */;
			productType = "com.apple.product-type.bundle.unit-test";
		};
		B477CC0C1E0966A100C5E597 /* HDJYUITests */ = {
			isa = PBXNativeTarget;
			buildConfigurationList = B477CC1C1E0966A100C5E597 /* Build configuration list for PBXNativeTarget "HDJYUITests" */;
			buildPhases = (
				B477CC091E0966A100C5E597 /* Sources */,
				B477CC0A1E0966A100C5E597 /* Frameworks */,
				B477CC0B1E0966A100C5E597 /* Resources */,
			);
			buildRules = (
			);
			dependencies = (
				B477CC0F1E0966A100C5E597 /* PBXTargetDependency */,
			);
			name = HDJYUITests;
			productName = HDJYUITests;
			productReference = B477CC0D1E0966A100C5E597 /* HDJYUITests.xctest */;
			productType = "com.apple.product-type.bundle.ui-testing";
		};
/* End PBXNativeTarget section */

/* Begin PBXProject section */
		B477CBE11E0966A100C5E597 /* Project object */ = {
			isa = PBXProject;
			attributes = {
				LastUpgradeCheck = 0730;
				ORGANIZATIONNAME = HDJY;
				TargetAttributes = {
					B477CBE81E0966A100C5E597 = {
						CreatedOnToolsVersion = 7.3.1;
					};
					B477CC011E0966A100C5E597 = {
						CreatedOnToolsVersion = 7.3.1;
						TestTargetID = B477CBE81E0966A100C5E597;
					};
					B477CC0C1E0966A100C5E597 = {
						CreatedOnToolsVersion = 7.3.1;
						TestTargetID = B477CBE81E0966A100C5E597;
					};
				};
			};
			buildConfigurationList = B477CBE41E0966A100C5E597 /* Build configuration list for PBXProject "HDJY" */;
			compatibilityVersion = "Xcode 3.2";
			developmentRegion = English;
			hasScannedForEncodings = 0;
			knownRegions = (
				en,
				Base,
			);
			mainGroup = B477CBE01E0966A100C5E597;
			productRefGroup = B477CBEA1E0966A100C5E597 /* Products */;
			projectDirPath = "";
			projectRoot = "";
			targets = (
				B477CBE81E0966A100C5E597 /* HDJY */,
				B477CC011E0966A100C5E597 /* HDJYTests */,
				B477CC0C1E0966A100C5E597 /* HDJYUITests */,
			);
		};
/* End PBXProject section */

/* Begin PBXResourcesBuildPhase section */
		B477CBE71E0966A100C5E597 /* Resources */ = {
			isa = PBXResourcesBuildPhase;
			buildActionMask = 2147483647;
			files = (
				B40523A41E0A75A5008E0C44 /* MyCenterViewController.xib in Resources */,
				B40523951E0A7564008E0C44 /* SchoolViewController.xib in Resources */,
				B405239A1E0A757F008E0C44 /* InformationViewController.xib in Resources */,
				B405239F1E0A7590008E0C44 /* MessageViewController.xib in Resources */,
				B405234F1E0A6396008E0C44 /* LaunchScreen.xib in Resources */,
				B477CBF91E0966A100C5E597 /* Assets.xcassets in Resources */,
				B42E471E1E0B814300E97BF6 /* BaseTipsView.xib in Resources */,
			);
			runOnlyForDeploymentPostprocessing = 0;
		};
		B477CC001E0966A100C5E597 /* Resources */ = {
			isa = PBXResourcesBuildPhase;
			buildActionMask = 2147483647;
			files = (
			);
			runOnlyForDeploymentPostprocessing = 0;
		};
		B477CC0B1E0966A100C5E597 /* Resources */ = {
			isa = PBXResourcesBuildPhase;
			buildActionMask = 2147483647;
			files = (
			);
			runOnlyForDeploymentPostprocessing = 0;
		};
/* End PBXResourcesBuildPhase section */

/* Begin PBXShellScriptBuildPhase section */
		809684E9088ED5CD41406FAA /* [CP] Embed Pods Frameworks */ = {
			isa = PBXShellScriptBuildPhase;
			buildActionMask = 2147483647;
			files = (
			);
			inputPaths = (
			);
			name = "[CP] Embed Pods Frameworks";
			outputPaths = (
			);
			runOnlyForDeploymentPostprocessing = 0;
			shellPath = /bin/sh;
			shellScript = "\"${SRCROOT}/Pods/Target Support Files/Pods-HDJY/Pods-HDJY-frameworks.sh\"\n";
			showEnvVarsInLog = 0;
		};
		85D6BBEBDC5188B16C934308 /* [CP] Check Pods Manifest.lock */ = {
			isa = PBXShellScriptBuildPhase;
			buildActionMask = 2147483647;
			files = (
			);
			inputPaths = (
			);
			name = "[CP] Check Pods Manifest.lock";
			outputPaths = (
			);
			runOnlyForDeploymentPostprocessing = 0;
			shellPath = /bin/sh;
			shellScript = "diff \"${PODS_ROOT}/../Podfile.lock\" \"${PODS_ROOT}/Manifest.lock\" > /dev/null\nif [ $? != 0 ] ; then\n    # print error to STDERR\n    echo \"error: The sandbox is not in sync with the Podfile.lock. Run 'pod install' or update your CocoaPods installation.\" >&2\n    exit 1\nfi\n";
			showEnvVarsInLog = 0;
		};
		9BFC86FF8806AAAA96A71B92 /* [CP] Copy Pods Resources */ = {
			isa = PBXShellScriptBuildPhase;
			buildActionMask = 2147483647;
			files = (
			);
			inputPaths = (
			);
			name = "[CP] Copy Pods Resources";
			outputPaths = (
			);
			runOnlyForDeploymentPostprocessing = 0;
			shellPath = /bin/sh;
			shellScript = "\"${SRCROOT}/Pods/Target Support Files/Pods-HDJY/Pods-HDJY-resources.sh\"\n";
			showEnvVarsInLog = 0;
		};
/* End PBXShellScriptBuildPhase section */

/* Begin PBXSourcesBuildPhase section */
		B477CBE51E0966A100C5E597 /* Sources */ = {
			isa = PBXSourcesBuildPhase;
			buildActionMask = 2147483647;
			files = (
				B40523941E0A7564008E0C44 /* SchoolViewController.m in Sources */,
				B40523A31E0A75A5008E0C44 /* MyCenterViewController.m in Sources */,
				B40523A71E0A78A7008E0C44 /* UITabBarItem+YCExtension.m in Sources */,
				B40523991E0A757F008E0C44 /* InformationViewController.m in Sources */,
				B40523761E0A701E008E0C44 /* NSString+CJExtension.m in Sources */,
				B42E47771E0BD3CA00E97BF6 /* UIScrollView+CJRefresh.m in Sources */,
				B40523731E0A6F20008E0C44 /* UIView+CJExtension.m in Sources */,
				B42E471D1E0B814300E97BF6 /* BaseTipsView.m in Sources */,
				B42E47201E0B814300E97BF6 /* BaseViewController.m in Sources */,
				B40523AB1E0A7A58008E0C44 /* CJDeviceVersion.m in Sources */,
				B42E47781E0BD3CA00E97BF6 /* UIImageView+SDImageActivityIndicator.m in Sources */,
				B40523571E0A6477008E0C44 /* BaseTabBarController.m in Sources */,
				B405239E1E0A7590008E0C44 /* MessageViewController.m in Sources */,
				B40523561E0A6477008E0C44 /* BaseNavigationController.m in Sources */,
				B405236F1E0A6D00008E0C44 /* UIBarButtonItem+CJExtension.m in Sources */,
				B42E471F1E0B814300E97BF6 /* BaseViewController+NetWorkUIExtension.m in Sources */,
				B477CBF11E0966A100C5E597 /* AppDelegate.m in Sources */,
				B40523701E0A6D00008E0C44 /* UIImage+CJExtension.m in Sources */,
				B477CBEE1E0966A100C5E597 /* main.m in Sources */,
			);
			runOnlyForDeploymentPostprocessing = 0;
		};
		B477CBFE1E0966A100C5E597 /* Sources */ = {
			isa = PBXSourcesBuildPhase;
			buildActionMask = 2147483647;
			files = (
				B477CC071E0966A100C5E597 /* HDJYTests.m in Sources */,
			);
			runOnlyForDeploymentPostprocessing = 0;
		};
		B477CC091E0966A100C5E597 /* Sources */ = {
			isa = PBXSourcesBuildPhase;
			buildActionMask = 2147483647;
			files = (
				B477CC121E0966A100C5E597 /* HDJYUITests.m in Sources */,
			);
			runOnlyForDeploymentPostprocessing = 0;
		};
/* End PBXSourcesBuildPhase section */

/* Begin PBXTargetDependency section */
		B477CC041E0966A100C5E597 /* PBXTargetDependency */ = {
			isa = PBXTargetDependency;
			target = B477CBE81E0966A100C5E597 /* HDJY */;
			targetProxy = B477CC031E0966A100C5E597 /* PBXContainerItemProxy */;
		};
		B477CC0F1E0966A100C5E597 /* PBXTargetDependency */ = {
			isa = PBXTargetDependency;
			target = B477CBE81E0966A100C5E597 /* HDJY */;
			targetProxy = B477CC0E1E0966A100C5E597 /* PBXContainerItemProxy */;
		};
/* End PBXTargetDependency section */

/* Begin XCBuildConfiguration section */
		B477CC141E0966A100C5E597 /* Debug */ = {
			isa = XCBuildConfiguration;
			buildSettings = {
				ALWAYS_SEARCH_USER_PATHS = NO;
				CLANG_ANALYZER_NONNULL = YES;
				CLANG_CXX_LANGUAGE_STANDARD = "gnu++0x";
				CLANG_CXX_LIBRARY = "libc++";
				CLANG_ENABLE_MODULES = YES;
				CLANG_ENABLE_OBJC_ARC = YES;
				CLANG_WARN_BOOL_CONVERSION = YES;
				CLANG_WARN_CONSTANT_CONVERSION = YES;
				CLANG_WARN_DIRECT_OBJC_ISA_USAGE = YES_ERROR;
				CLANG_WARN_EMPTY_BODY = YES;
				CLANG_WARN_ENUM_CONVERSION = YES;
				CLANG_WARN_INT_CONVERSION = YES;
				CLANG_WARN_OBJC_ROOT_CLASS = YES_ERROR;
				CLANG_WARN_UNREACHABLE_CODE = YES;
				CLANG_WARN__DUPLICATE_METHOD_MATCH = YES;
				"CODE_SIGN_IDENTITY[sdk=iphoneos*]" = "iPhone Developer";
				COPY_PHASE_STRIP = NO;
				DEBUG_INFORMATION_FORMAT = dwarf;
				ENABLE_STRICT_OBJC_MSGSEND = YES;
				ENABLE_TESTABILITY = YES;
				GCC_C_LANGUAGE_STANDARD = gnu99;
				GCC_DYNAMIC_NO_PIC = NO;
				GCC_NO_COMMON_BLOCKS = YES;
				GCC_OPTIMIZATION_LEVEL = 0;
				GCC_PREPROCESSOR_DEFINITIONS = (
					"DEBUG=1",
					"$(inherited)",
				);
				GCC_WARN_64_TO_32_BIT_CONVERSION = YES;
				GCC_WARN_ABOUT_RETURN_TYPE = YES_ERROR;
				GCC_WARN_UNDECLARED_SELECTOR = YES;
				GCC_WARN_UNINITIALIZED_AUTOS = YES_AGGRESSIVE;
				GCC_WARN_UNUSED_FUNCTION = YES;
				GCC_WARN_UNUSED_VARIABLE = YES;
				IPHONEOS_DEPLOYMENT_TARGET = 9.3;
				MTL_ENABLE_DEBUG_INFO = YES;
				ONLY_ACTIVE_ARCH = YES;
				SDKROOT = iphoneos;
			};
			name = Debug;
		};
		B477CC151E0966A100C5E597 /* Release */ = {
			isa = XCBuildConfiguration;
			buildSettings = {
				ALWAYS_SEARCH_USER_PATHS = NO;
				CLANG_ANALYZER_NONNULL = YES;
				CLANG_CXX_LANGUAGE_STANDARD = "gnu++0x";
				CLANG_CXX_LIBRARY = "libc++";
				CLANG_ENABLE_MODULES = YES;
				CLANG_ENABLE_OBJC_ARC = YES;
				CLANG_WARN_BOOL_CONVERSION = YES;
				CLANG_WARN_CONSTANT_CONVERSION = YES;
				CLANG_WARN_DIRECT_OBJC_ISA_USAGE = YES_ERROR;
				CLANG_WARN_EMPTY_BODY = YES;
				CLANG_WARN_ENUM_CONVERSION = YES;
				CLANG_WARN_INT_CONVERSION = YES;
				CLANG_WARN_OBJC_ROOT_CLASS = YES_ERROR;
				CLANG_WARN_UNREACHABLE_CODE = YES;
				CLANG_WARN__DUPLICATE_METHOD_MATCH = YES;
				"CODE_SIGN_IDENTITY[sdk=iphoneos*]" = "iPhone Developer";
				COPY_PHASE_STRIP = NO;
				DEBUG_INFORMATION_FORMAT = "dwarf-with-dsym";
				ENABLE_NS_ASSERTIONS = NO;
				ENABLE_STRICT_OBJC_MSGSEND = YES;
				GCC_C_LANGUAGE_STANDARD = gnu99;
				GCC_NO_COMMON_BLOCKS = YES;
				GCC_WARN_64_TO_32_BIT_CONVERSION = YES;
				GCC_WARN_ABOUT_RETURN_TYPE = YES_ERROR;
				GCC_WARN_UNDECLARED_SELECTOR = YES;
				GCC_WARN_UNINITIALIZED_AUTOS = YES_AGGRESSIVE;
				GCC_WARN_UNUSED_FUNCTION = YES;
				GCC_WARN_UNUSED_VARIABLE = YES;
				IPHONEOS_DEPLOYMENT_TARGET = 9.3;
				MTL_ENABLE_DEBUG_INFO = NO;
				SDKROOT = iphoneos;
				VALIDATE_PRODUCT = YES;
			};
			name = Release;
		};
		B477CC171E0966A100C5E597 /* Debug */ = {
			isa = XCBuildConfiguration;
			baseConfigurationReference = B482BBECCA85EDC2A59B82ED /* Pods-HDJY.debug.xcconfig */;
			buildSettings = {
				ASSETCATALOG_COMPILER_APPICON_NAME = AppIcon;
				ASSETCATALOG_COMPILER_LAUNCHIMAGE_NAME = LaunchImage;
				GCC_PREFIX_HEADER = "$(SRCROOT)/HDJY/PrefixHeader.pch";
				INFOPLIST_FILE = HDJY/Info.plist;
				IPHONEOS_DEPLOYMENT_TARGET = 7.0;
				LD_RUNPATH_SEARCH_PATHS = "$(inherited) @executable_path/Frameworks";
				PRODUCT_BUNDLE_IDENTIFIER = CJ.HDJY;
				PRODUCT_NAME = "$(TARGET_NAME)";
			};
			name = Debug;
		};
		B477CC181E0966A100C5E597 /* Release */ = {
			isa = XCBuildConfiguration;
			baseConfigurationReference = DD147A6E5A086AD3DA2F0C67 /* Pods-HDJY.release.xcconfig */;
			buildSettings = {
				ASSETCATALOG_COMPILER_APPICON_NAME = AppIcon;
				ASSETCATALOG_COMPILER_LAUNCHIMAGE_NAME = LaunchImage;
				GCC_PREFIX_HEADER = "$(SRCROOT)/HDJY/PrefixHeader.pch";
				INFOPLIST_FILE = HDJY/Info.plist;
				IPHONEOS_DEPLOYMENT_TARGET = 7.0;
				LD_RUNPATH_SEARCH_PATHS = "$(inherited) @executable_path/Frameworks";
				PRODUCT_BUNDLE_IDENTIFIER = CJ.HDJY;
				PRODUCT_NAME = "$(TARGET_NAME)";
			};
			name = Release;
		};
		B477CC1A1E0966A100C5E597 /* Debug */ = {
			isa = XCBuildConfiguration;
			buildSettings = {
				BUNDLE_LOADER = "$(TEST_HOST)";
				INFOPLIST_FILE = HDJYTests/Info.plist;
				LD_RUNPATH_SEARCH_PATHS = "$(inherited) @executable_path/Frameworks @loader_path/Frameworks";
				PRODUCT_BUNDLE_IDENTIFIER = CJ.Lian.HDJYTests;
				PRODUCT_NAME = "$(TARGET_NAME)";
				TEST_HOST = "$(BUILT_PRODUCTS_DIR)/HDJY.app/HDJY";
			};
			name = Debug;
		};
		B477CC1B1E0966A100C5E597 /* Release */ = {
			isa = XCBuildConfiguration;
			buildSettings = {
				BUNDLE_LOADER = "$(TEST_HOST)";
				INFOPLIST_FILE = HDJYTests/Info.plist;
				LD_RUNPATH_SEARCH_PATHS = "$(inherited) @executable_path/Frameworks @loader_path/Frameworks";
				PRODUCT_BUNDLE_IDENTIFIER = CJ.Lian.HDJYTests;
				PRODUCT_NAME = "$(TARGET_NAME)";
				TEST_HOST = "$(BUILT_PRODUCTS_DIR)/HDJY.app/HDJY";
			};
			name = Release;
		};
		B477CC1D1E0966A100C5E597 /* Debug */ = {
			isa = XCBuildConfiguration;
			buildSettings = {
				INFOPLIST_FILE = HDJYUITests/Info.plist;
				LD_RUNPATH_SEARCH_PATHS = "$(inherited) @executable_path/Frameworks @loader_path/Frameworks";
				PRODUCT_BUNDLE_IDENTIFIER = CJ.Lian.HDJYUITests;
				PRODUCT_NAME = "$(TARGET_NAME)";
				TEST_TARGET_NAME = HDJY;
			};
			name = Debug;
		};
		B477CC1E1E0966A100C5E597 /* Release */ = {
			isa = XCBuildConfiguration;
			buildSettings = {
				INFOPLIST_FILE = HDJYUITests/Info.plist;
				LD_RUNPATH_SEARCH_PATHS = "$(inherited) @executable_path/Frameworks @loader_path/Frameworks";
				PRODUCT_BUNDLE_IDENTIFIER = CJ.Lian.HDJYUITests;
				PRODUCT_NAME = "$(TARGET_NAME)";
				TEST_TARGET_NAME = HDJY;
			};
			name = Release;
		};
/* End XCBuildConfiguration section */

/* Begin XCConfigurationList section */
		B477CBE41E0966A100C5E597 /* Build configuration list for PBXProject "HDJY" */ = {
			isa = XCConfigurationList;
			buildConfigurations = (
				B477CC141E0966A100C5E597 /* Debug */,
				B477CC151E0966A100C5E597 /* Release */,
			);
			defaultConfigurationIsVisible = 0;
			defaultConfigurationName = Release;
		};
		B477CC161E0966A100C5E597 /* Build configuration list for PBXNativeTarget "HDJY" */ = {
			isa = XCConfigurationList;
			buildConfigurations = (
				B477CC171E0966A100C5E597 /* Debug */,
				B477CC181E0966A100C5E597 /* Release */,
			);
			defaultConfigurationIsVisible = 0;
			defaultConfigurationName = Release;
		};
		B477CC191E0966A100C5E597 /* Build configuration list for PBXNativeTarget "HDJYTests" */ = {
			isa = XCConfigurationList;
			buildConfigurations = (
				B477CC1A1E0966A100C5E597 /* Debug */,
				B477CC1B1E0966A100C5E597 /* Release */,
			);
			defaultConfigurationIsVisible = 0;
			defaultConfigurationName = Release;
		};
		B477CC1C1E0966A100C5E597 /* Build configuration list for PBXNativeTarget "HDJYUITests" */ = {
			isa = XCConfigurationList;
			buildConfigurations = (
				B477CC1D1E0966A100C5E597 /* Debug */,
				B477CC1E1E0966A100C5E597 /* Release */,
			);
			defaultConfigurationIsVisible = 0;
			defaultConfigurationName = Release;
		};
/* End XCConfigurationList section */
	};
	rootObject = B477CBE11E0966A100C5E597 /* Project object */;
}
